
Microsoft Visual Studio Solution File, Format Version 12.00
# Visual Studio Version 17
VisualStudioVersion = 17.2.32526.322
MinimumVisualStudioVersion = 10.0.40219.1
Project("{FAE04EC0-301F-11D3-BF4B-00C04F79EFBC}") = "PdfTool", "PdfTool\PdfTool.csproj", "{EA59B133-26FE-4514-884B-C44A6D51328F}"
EndProject
Project("{FAE04EC0-301F-11D3-BF4B-00C04F79EFBC}") = "MaterialSkin", "..\MaterialSkin\MaterialSkin\MaterialSkin.csproj", "{8EB7611B-68CD-4B8B-987A-11717E2B250C}"
EndProject
Project("{FAE04EC0-301F-11D3-BF4B-00C04F79EFBC}") = "PdfHelperLibrary", "PdfHelperLibrary\PdfHelperLibrary.csproj", "{64485278-A143-453E-A1D6-2400D010FF61}"
EndProject
Project("{FAE04EC0-301F-11D3-BF4B-00C04F79EFBC}") = "OfficeHelperLibrary", "OfficeHelperLibrary\OfficeHelperLibrary.csproj", "{5FBA6AF8-6065-497D-92CE-A11B8EF1C91A}"
EndProject
Project("{FAE04EC0-301F-11D3-BF4B-00C04F79EFBC}") = "PdfConsoleApp", "PdfConsoleApp\PdfConsoleApp.csproj", "{3B7F0CB8-2C68-41F8-9ADB-68C4AFCE3765}"
EndProject
Project("{FAE04EC0-301F-11D3-BF4B-00C04F79EFBC}") = "PdfSplitter", "PdfSplitter\PdfSplitter.csproj", "{6560B053-E780-4A41-8840-DCDB9DA9B12C}"
EndProject
Project("{FAE04EC0-301F-11D3-BF4B-00C04F79EFBC}") = "PdfMerger", "PdfMerger\PdfMerger.csproj", "{7B14F02C-A40A-46F8-80AC-484E79628F6E}"
EndProject
Project("{9A19103F-16F7-4668-BE54-9A1E7A4F7556}") = "PdfToolX", "PdfToolX\PdfToolX.csproj", "{DBD944F7-1AA1-41EA-944F-58F7A0AFD3EE}"
EndProject
Project("{FAE04EC0-301F-11D3-BF4B-00C04F79EFBC}") = "PdfHelperLibrary.DFX45", "PdfHelperLibrary.DFX45\PdfHelperLibrary.DFX45.csproj", "{CB9F3B4F-853C-409A-A984-A15C8E6CADFE}"
EndProject
Global
	GlobalSection(SolutionConfigurationPlatforms) = preSolution
		Debug|Any CPU = Debug|Any CPU
		Release|Any CPU = Release|Any CPU
	EndGlobalSection
	GlobalSection(ProjectConfigurationPlatforms) = postSolution
		{EA59B133-26FE-4514-884B-C44A6D51328F}.Debug|Any CPU.ActiveCfg = Debug|Any CPU
		{EA59B133-26FE-4514-884B-C44A6D51328F}.Debug|Any CPU.Build.0 = Debug|Any CPU
		{EA59B133-26FE-4514-884B-C44A6D51328F}.Release|Any CPU.ActiveCfg = Release|Any CPU
		{EA59B133-26FE-4514-884B-C44A6D51328F}.Release|Any CPU.Build.0 = Release|Any CPU
		{8EB7611B-68CD-4B8B-987A-11717E2B250C}.Debug|Any CPU.ActiveCfg = Debug|Any CPU
		{8EB7611B-68CD-4B8B-987A-11717E2B250C}.Debug|Any CPU.Build.0 = Debug|Any CPU
		{8EB7611B-68CD-4B8B-987A-11717E2B250C}.Release|Any CPU.ActiveCfg = Release|Any CPU
		{8EB7611B-68CD-4B8B-987A-11717E2B250C}.Release|Any CPU.Build.0 = Release|Any CPU
		{64485278-A143-453E-A1D6-2400D010FF61}.Debug|Any CPU.ActiveCfg = Debug|Any CPU
		{64485278-A143-453E-A1D6-2400D010FF61}.Debug|Any CPU.Build.0 = Debug|Any CPU
		{64485278-A143-453E-A1D6-2400D010FF61}.Release|Any CPU.ActiveCfg = Release|Any CPU
		{64485278-A143-453E-A1D6-2400D010FF61}.Release|Any CPU.Build.0 = Release|Any CPU
		{5FBA6AF8-6065-497D-92CE-A11B8EF1C91A}.Debug|Any CPU.ActiveCfg = Debug|Any CPU
		{5FBA6AF8-6065-497D-92CE-A11B8EF1C91A}.Debug|Any CPU.Build.0 = Debug|Any CPU
		{5FBA6AF8-6065-497D-92CE-A11B8EF1C91A}.Release|Any CPU.ActiveCfg = Release|Any CPU
		{5FBA6AF8-6065-497D-92CE-A11B8EF1C91A}.Release|Any CPU.Build.0 = Release|Any CPU
		{3B7F0CB8-2C68-41F8-9ADB-68C4AFCE3765}.Debug|Any CPU.ActiveCfg = Debug|Any CPU
		{3B7F0CB8-2C68-41F8-9ADB-68C4AFCE3765}.Debug|Any CPU.Build.0 = Debug|Any CPU
		{3B7F0CB8-2C68-41F8-9ADB-68C4AFCE3765}.Release|Any CPU.ActiveCfg = Release|Any CPU
		{3B7F0CB8-2C68-41F8-9ADB-68C4AFCE3765}.Release|Any CPU.Build.0 = Release|Any CPU
		{6560B053-E780-4A41-8840-DCDB9DA9B12C}.Debug|Any CPU.ActiveCfg = Debug|Any CPU
		{6560B053-E780-4A41-8840-DCDB9DA9B12C}.Debug|Any CPU.Build.0 = Debug|Any CPU
		{6560B053-E780-4A41-8840-DCDB9DA9B12C}.Release|Any CPU.ActiveCfg = Release|Any CPU
		{6560B053-E780-4A41-8840-DCDB9DA9B12C}.Release|Any CPU.Build.0 = Release|Any CPU
		{7B14F02C-A40A-46F8-80AC-484E79628F6E}.Debug|Any CPU.ActiveCfg = Debug|Any CPU
		{7B14F02C-A40A-46F8-80AC-484E79628F6E}.Debug|Any CPU.Build.0 = Debug|Any CPU
		{7B14F02C-A40A-46F8-80AC-484E79628F6E}.Release|Any CPU.ActiveCfg = Release|Any CPU
		{7B14F02C-A40A-46F8-80AC-484E79628F6E}.Release|Any CPU.Build.0 = Release|Any CPU
		{DBD944F7-1AA1-41EA-944F-58F7A0AFD3EE}.Debug|Any CPU.ActiveCfg = Debug|Any CPU
		{DBD944F7-1AA1-41EA-944F-58F7A0AFD3EE}.Debug|Any CPU.Build.0 = Debug|Any CPU
		{DBD944F7-1AA1-41EA-944F-58F7A0AFD3EE}.Release|Any CPU.ActiveCfg = Release|Any CPU
		{DBD944F7-1AA1-41EA-944F-58F7A0AFD3EE}.Release|Any CPU.Build.0 = Release|Any CPU
		{CB9F3B4F-853C-409A-A984-A15C8E6CADFE}.Debug|Any CPU.ActiveCfg = Debug|Any CPU
		{CB9F3B4F-853C-409A-A984-A15C8E6CADFE}.Debug|Any CPU.Build.0 = Debug|Any CPU
		{CB9F3B4F-853C-409A-A984-A15C8E6CADFE}.Release|Any CPU.ActiveCfg = Release|Any CPU
		{CB9F3B4F-853C-409A-A984-A15C8E6CADFE}.Release|Any CPU.Build.0 = Release|Any CPU
	EndGlobalSection
	GlobalSection(SolutionProperties) = preSolution
		HideSolutionNode = FALSE
	EndGlobalSection
	GlobalSection(ExtensibilityGlobals) = postSolution
		SolutionGuid = {7290A9A3-1E31-4E07-A1B0-B449D2E4D789}
	EndGlobalSection
EndGlobal
