
Microsoft Visual Studio Solution File, Format Version 12.00
# Visual Studio Version 17
VisualStudioVersion = 17.2.32526.322
MinimumVisualStudioVersion = 10.0.40219.1
Project("{FAE04EC0-301F-11D3-BF4B-00C04F79EFBC}") = "PdfTool", "PdfTool\PdfTool.csproj", "{EA59B133-26FE-4514-884B-C44A6D51328F}"
EndProject
Project("{FAE04EC0-301F-11D3-BF4B-00C04F79EFBC}") = "PdfHelperLibrary", "PdfHelperLibrary\PdfHelperLibrary.csproj", "{64485278-A143-453E-A1D6-2400D010FF61}"
EndProject
Project("{FAE04EC0-301F-11D3-BF4B-00C04F79EFBC}") = "OfficeHelperLibrary", "OfficeHelperLibrary\OfficeHelperLibrary.csproj", "{5FBA6AF8-6065-497D-92CE-A11B8EF1C91A}"
EndProject
Project("{FAE04EC0-301F-11D3-BF4B-00C04F79EFBC}") = "PdfConsoleApp", "PdfConsoleApp\PdfConsoleApp.csproj", "{3B7F0CB8-2C68-41F8-9ADB-68C4AFCE3765}"
EndProject
Project("{FAE04EC0-301F-11D3-BF4B-00C04F79EFBC}") = "PdfSplitter", "PdfSplitter\PdfSplitter.csproj", "{6560B053-E780-4A41-8840-DCDB9DA9B12C}"
EndProject
Project("{FAE04EC0-301F-11D3-BF4B-00C04F79EFBC}") = "PdfMerger", "PdfMerger\PdfMerger.csproj", "{7B14F02C-A40A-46F8-80AC-484E79628F6E}"
EndProject
Project("{9A19103F-16F7-4668-BE54-9A1E7A4F7556}") = "PdfToolX", "PdfToolX\PdfToolX.csproj", "{DBD944F7-1AA1-41EA-944F-58F7A0AFD3EE}"
EndProject
Project("{FAE04EC0-301F-11D3-BF4B-00C04F79EFBC}") = "PdfHelperLibrary.DFX45", "PdfHelperLibrary.DFX45\PdfHelperLibrary.DFX45.csproj", "{CB9F3B4F-853C-409A-A984-A15C8E6CADFE}"
EndProject
Project("{FAE04EC0-301F-11D3-BF4B-00C04F79EFBC}") = "PdfWatermark", "PdfWatermark\PdfWatermark.csproj", "{135724F2-093D-4BD8-920E-530F8BD67FE5}"
EndProject
Project("{FAE04EC0-301F-11D3-BF4B-00C04F79EFBC}") = "PdfTableExtractor", "PdfTableExtractor\PdfTableExtractor.csproj", "{5C619CE8-65B8-4E77-8E32-1EBADEB7C07A}"
EndProject
Project("{FAE04EC0-301F-11D3-BF4B-00C04F79EFBC}") = "WordMerger", "WordMerger\WordMerger.csproj", "{074F944D-5D5B-40E9-9243-FD567FDE6CCC}"
EndProject
Project("{FAE04EC0-301F-11D3-BF4B-00C04F79EFBC}") = "WordHelperLibrary", "WordHelperLibrary\WordHelperLibrary.csproj", "{6338C24D-83CD-43F4-B9D8-581E2B7269C6}"
EndProject
Project("{9A19103F-16F7-4668-BE54-9A1E7A4F7556}") = "PdfHelperLibraryX", "PdfHelperLibraryX\PdfHelperLibraryX.csproj", "{0476EF25-CDAD-45D0-B51B-9D1D1ACFA0A4}"
EndProject
Project("{FAE04EC0-301F-11D3-BF4B-00C04F79EFBC}") = "PdfImager", "PdfImager\PdfImager.csproj", "{F9AD25A5-37A7-4E7F-9B93-03D8ED06293B}"
EndProject
Global
	GlobalSection(SolutionConfigurationPlatforms) = preSolution
		Debug|Any CPU = Debug|Any CPU
		Release|Any CPU = Release|Any CPU
	EndGlobalSection
	GlobalSection(ProjectConfigurationPlatforms) = postSolution
		{EA59B133-26FE-4514-884B-C44A6D51328F}.Debug|Any CPU.ActiveCfg = Debug|Any CPU
		{EA59B133-26FE-4514-884B-C44A6D51328F}.Debug|Any CPU.Build.0 = Debug|Any CPU
		{EA59B133-26FE-4514-884B-C44A6D51328F}.Release|Any CPU.ActiveCfg = Release|Any CPU
		{EA59B133-26FE-4514-884B-C44A6D51328F}.Release|Any CPU.Build.0 = Release|Any CPU
		{64485278-A143-453E-A1D6-2400D010FF61}.Debug|Any CPU.ActiveCfg = Debug|Any CPU
		{64485278-A143-453E-A1D6-2400D010FF61}.Debug|Any CPU.Build.0 = Debug|Any CPU
		{64485278-A143-453E-A1D6-2400D010FF61}.Release|Any CPU.ActiveCfg = Release|Any CPU
		{64485278-A143-453E-A1D6-2400D010FF61}.Release|Any CPU.Build.0 = Release|Any CPU
		{5FBA6AF8-6065-497D-92CE-A11B8EF1C91A}.Debug|Any CPU.ActiveCfg = Debug|Any CPU
		{5FBA6AF8-6065-497D-92CE-A11B8EF1C91A}.Debug|Any CPU.Build.0 = Debug|Any CPU
		{5FBA6AF8-6065-497D-92CE-A11B8EF1C91A}.Release|Any CPU.ActiveCfg = Release|Any CPU
		{5FBA6AF8-6065-497D-92CE-A11B8EF1C91A}.Release|Any CPU.Build.0 = Release|Any CPU
		{3B7F0CB8-2C68-41F8-9ADB-68C4AFCE3765}.Debug|Any CPU.ActiveCfg = Debug|Any CPU
		{3B7F0CB8-2C68-41F8-9ADB-68C4AFCE3765}.Debug|Any CPU.Build.0 = Debug|Any CPU
		{3B7F0CB8-2C68-41F8-9ADB-68C4AFCE3765}.Release|Any CPU.ActiveCfg = Release|Any CPU
		{3B7F0CB8-2C68-41F8-9ADB-68C4AFCE3765}.Release|Any CPU.Build.0 = Release|Any CPU
		{6560B053-E780-4A41-8840-DCDB9DA9B12C}.Debug|Any CPU.ActiveCfg = Debug|Any CPU
		{6560B053-E780-4A41-8840-DCDB9DA9B12C}.Debug|Any CPU.Build.0 = Debug|Any CPU
		{6560B053-E780-4A41-8840-DCDB9DA9B12C}.Release|Any CPU.ActiveCfg = Release|Any CPU
		{6560B053-E780-4A41-8840-DCDB9DA9B12C}.Release|Any CPU.Build.0 = Release|Any CPU
		{7B14F02C-A40A-46F8-80AC-484E79628F6E}.Debug|Any CPU.ActiveCfg = Debug|Any CPU
		{7B14F02C-A40A-46F8-80AC-484E79628F6E}.Debug|Any CPU.Build.0 = Debug|Any CPU
		{7B14F02C-A40A-46F8-80AC-484E79628F6E}.Release|Any CPU.ActiveCfg = Release|Any CPU
		{7B14F02C-A40A-46F8-80AC-484E79628F6E}.Release|Any CPU.Build.0 = Release|Any CPU
		{DBD944F7-1AA1-41EA-944F-58F7A0AFD3EE}.Debug|Any CPU.ActiveCfg = Debug|Any CPU
		{DBD944F7-1AA1-41EA-944F-58F7A0AFD3EE}.Debug|Any CPU.Build.0 = Debug|Any CPU
		{DBD944F7-1AA1-41EA-944F-58F7A0AFD3EE}.Release|Any CPU.ActiveCfg = Release|Any CPU
		{DBD944F7-1AA1-41EA-944F-58F7A0AFD3EE}.Release|Any CPU.Build.0 = Release|Any CPU
		{CB9F3B4F-853C-409A-A984-A15C8E6CADFE}.Debug|Any CPU.ActiveCfg = Debug|Any CPU
		{CB9F3B4F-853C-409A-A984-A15C8E6CADFE}.Debug|Any CPU.Build.0 = Debug|Any CPU
		{CB9F3B4F-853C-409A-A984-A15C8E6CADFE}.Release|Any CPU.ActiveCfg = Release|Any CPU
		{CB9F3B4F-853C-409A-A984-A15C8E6CADFE}.Release|Any CPU.Build.0 = Release|Any CPU
		{135724F2-093D-4BD8-920E-530F8BD67FE5}.Debug|Any CPU.ActiveCfg = Debug|Any CPU
		{135724F2-093D-4BD8-920E-530F8BD67FE5}.Debug|Any CPU.Build.0 = Debug|Any CPU
		{135724F2-093D-4BD8-920E-530F8BD67FE5}.Release|Any CPU.ActiveCfg = Release|Any CPU
		{135724F2-093D-4BD8-920E-530F8BD67FE5}.Release|Any CPU.Build.0 = Release|Any CPU
		{5C619CE8-65B8-4E77-8E32-1EBADEB7C07A}.Debug|Any CPU.ActiveCfg = Debug|Any CPU
		{5C619CE8-65B8-4E77-8E32-1EBADEB7C07A}.Debug|Any CPU.Build.0 = Debug|Any CPU
		{5C619CE8-65B8-4E77-8E32-1EBADEB7C07A}.Release|Any CPU.ActiveCfg = Release|Any CPU
		{5C619CE8-65B8-4E77-8E32-1EBADEB7C07A}.Release|Any CPU.Build.0 = Release|Any CPU
		{074F944D-5D5B-40E9-9243-FD567FDE6CCC}.Debug|Any CPU.ActiveCfg = Debug|Any CPU
		{074F944D-5D5B-40E9-9243-FD567FDE6CCC}.Debug|Any CPU.Build.0 = Debug|Any CPU
		{074F944D-5D5B-40E9-9243-FD567FDE6CCC}.Release|Any CPU.ActiveCfg = Release|Any CPU
		{074F944D-5D5B-40E9-9243-FD567FDE6CCC}.Release|Any CPU.Build.0 = Release|Any CPU
		{6338C24D-83CD-43F4-B9D8-581E2B7269C6}.Debug|Any CPU.ActiveCfg = Debug|Any CPU
		{6338C24D-83CD-43F4-B9D8-581E2B7269C6}.Debug|Any CPU.Build.0 = Debug|Any CPU
		{6338C24D-83CD-43F4-B9D8-581E2B7269C6}.Release|Any CPU.ActiveCfg = Release|Any CPU
		{6338C24D-83CD-43F4-B9D8-581E2B7269C6}.Release|Any CPU.Build.0 = Release|Any CPU
		{0476EF25-CDAD-45D0-B51B-9D1D1ACFA0A4}.Debug|Any CPU.ActiveCfg = Debug|Any CPU
		{0476EF25-CDAD-45D0-B51B-9D1D1ACFA0A4}.Debug|Any CPU.Build.0 = Debug|Any CPU
		{0476EF25-CDAD-45D0-B51B-9D1D1ACFA0A4}.Release|Any CPU.ActiveCfg = Release|Any CPU
		{0476EF25-CDAD-45D0-B51B-9D1D1ACFA0A4}.Release|Any CPU.Build.0 = Release|Any CPU
		{F9AD25A5-37A7-4E7F-9B93-03D8ED06293B}.Debug|Any CPU.ActiveCfg = Debug|Any CPU
		{F9AD25A5-37A7-4E7F-9B93-03D8ED06293B}.Debug|Any CPU.Build.0 = Debug|Any CPU
		{F9AD25A5-37A7-4E7F-9B93-03D8ED06293B}.Release|Any CPU.ActiveCfg = Release|Any CPU
		{F9AD25A5-37A7-4E7F-9B93-03D8ED06293B}.Release|Any CPU.Build.0 = Release|Any CPU
	EndGlobalSection
	GlobalSection(SolutionProperties) = preSolution
		HideSolutionNode = FALSE
	EndGlobalSection
	GlobalSection(ExtensibilityGlobals) = postSolution
		SolutionGuid = {7290A9A3-1E31-4E07-A1B0-B449D2E4D789}
	EndGlobalSection
EndGlobal
